
Microsoft Visual Studio Solution File, Format Version 11.00
# Visual Studio 2010
Project("{FAE04EC0-301F-11D3-BF4B-00C04F79EFBC}") = "Assembly-CSharp", "Assembly-CSharp.csproj", "{88AFD2E9-B55F-AD33-948A-F7EEA12D6DA2}"
EndProject
Project("{FAE04EC0-301F-11D3-BF4B-00C04F79EFBC}") = "Assembly-CSharp-Editor", "Assembly-CSharp-Editor.csproj", "{81FB174B-DCCE-AF2E-2CF5-58B157D4C148}"
EndProject
Global
	GlobalSection(SolutionConfigurationPlatforms) = preSolution
		Debug|Any CPU = Debug|Any CPU
		Release|Any CPU = Release|Any CPU
	EndGlobalSection
	GlobalSection(ProjectConfigurationPlatforms) = postSolution
		{88AFD2E9-B55F-AD33-948A-F7EEA12D6DA2}.Debug|Any CPU.ActiveCfg = Debug|Any CPU
		{88AFD2E9-B55F-AD33-948A-F7EEA12D6DA2}.Debug|Any CPU.Build.0 = Debug|Any CPU
		{88AFD2E9-B55F-AD33-948A-F7EEA12D6DA2}.Release|Any CPU.ActiveCfg = Release|Any CPU
		{88AFD2E9-B55F-AD33-948A-F7EEA12D6DA2}.Release|Any CPU.Build.0 = Release|Any CPU
		{81FB174B-DCCE-AF2E-2CF5-58B157D4C148}.Debug|Any CPU.ActiveCfg = Debug|Any CPU
		{81FB174B-DCCE-AF2E-2CF5-58B157D4C148}.Debug|Any CPU.Build.0 = Debug|Any CPU
		{81FB174B-DCCE-AF2E-2CF5-58B157D4C148}.Release|Any CPU.ActiveCfg = Release|Any CPU
		{81FB174B-DCCE-AF2E-2CF5-58B157D4C148}.Release|Any CPU.Build.0 = Release|Any CPU
	EndGlobalSection
	GlobalSection(SolutionProperties) = preSolution
		HideSolutionNode = FALSE
	EndGlobalSection
EndGlobal
